
Microsoft Visual Studio Solution File, Format Version 12.00
# Visual Studio Version 17
VisualStudioVersion = 17.8.34525.116
MinimumVisualStudioVersion = 10.0.40219.1
Project("{FAE04EC0-301F-11D3-BF4B-00C04F79EFBC}") = "EchoBot1", "EchoBot1\EchoBot1.csproj", "{004F2FF7-6EBA-47C6-886A-7405E15EA472}"
EndProject
Global
	GlobalSection(SolutionConfigurationPlatforms) = preSolution
		Debug|Any CPU = Debug|Any CPU
		Release|Any CPU = Release|Any CPU
	EndGlobalSection
	GlobalSection(ProjectConfigurationPlatforms) = postSolution
		{004F2FF7-6EBA-47C6-886A-7405E15EA472}.Debug|Any CPU.ActiveCfg = Debug|Any CPU
		{004F2FF7-6EBA-47C6-886A-7405E15EA472}.Debug|Any CPU.Build.0 = Debug|Any CPU
		{004F2FF7-6EBA-47C6-886A-7405E15EA472}.Release|Any CPU.ActiveCfg = Release|Any CPU
		{004F2FF7-6EBA-47C6-886A-7405E15EA472}.Release|Any CPU.Build.0 = Release|Any CPU
	EndGlobalSection
	GlobalSection(SolutionProperties) = preSolution
		HideSolutionNode = FALSE
	EndGlobalSection
	GlobalSection(ExtensibilityGlobals) = postSolution
		SolutionGuid = {08DF9CC5-3508-4BB2-AC38-D230B3CA9654}
	EndGlobalSection
EndGlobal
